{
  "classes": {
  },
  "objectVersion": "55",
  "archiveVersion": "1",
  "objects": {
    "3CA36CEB27350DFB00701988": {
      "isa": "PBXFrameworksBuildPhase",
      "buildActionMask": "2147483647",
      "files": [
      ],
      "runOnlyForDeploymentPostprocessing": "0"
    },
    "3CA36CF627350DFC00701988": {
      "isa": "PBXBuildFile",
      "fileRef": "3CA36CF527350DFC00701988"
    },
    "3CA36CFD27350DFC00701988": {
      "isa": "XCConfigurationList",
      "defaultConfigurationIsVisible": "0",
      "defaultConfigurationName": "Release",
      "buildConfigurations": [
        "3CA36CFE27350DFC00701988",
        "3CA36CFF27350DFC00701988"
      ]
    },
    "3CA36CE527350DFB00701988": {
      "isa": "PBXGroup",
      "sourceTree": "<group>",
      "children": [
        "3CA36CF027350DFB00701988",
        "3CA36CEF27350DFB00701988"
      ]
    },
    "3CA36CF727350DFC00701988": {
      "path": "Preview Content",
      "isa": "PBXGroup",
      "children": [
        "3CA36CF827350DFC00701988"
      ],
      "sourceTree": "<group>"
    },
    "3CA36CF327350DFB00701988": {
      "path": "ContentView.swift",
      "isa": "PBXFileReference",
      "lastKnownFileType": "sourcecode.swift",
      "sourceTree": "<group>"
    },
    "3CA36CFA27350DFC00701988": {
      "path": "SPMTools.entitlements",
      "isa": "PBXFileReference",
      "lastKnownFileType": "text.plist.entitlements",
      "sourceTree": "<group>"
    },
    "3CA36CE627350DFB00701988": {
      "buildConfigurationList": "3CA36CE927350DFB00701988",
      "packageReferences": [
      ],
      "targets": [
        "3CA36CED27350DFB00701988"
      ],
      "developmentRegion": "en",
      "knownRegions": [
        "en",
        "Base"
      ],
      "isa": "PBXProject",
      "compatibilityVersion": "Xcode 13.0",
      "productRefGroup": "3CA36CEF27350DFB00701988",
      "projectDirPath": "",
      "attributes": {
        "LastSwiftUpdateCheck": "1310",
        "BuildIndependentTargetsInParallel": "1",
        "LastUpgradeCheck": "1310",
        "TargetAttributes": {
          "3CA36CED27350DFB00701988": {
            "CreatedOnToolsVersion": "13.1"
          }
        }
      },
      "hasScannedForEncodings": "0",
      "projectRoot": "",
      "mainGroup": "3CA36CE527350DFB00701988"
    },
    "3CA36CEC27350DFB00701988": {
      "isa": "PBXResourcesBuildPhase",
      "buildActionMask": "2147483647",
      "files": [
        "3CA36CF927350DFC00701988",
        "3CA36CF627350DFC00701988"
      ],
      "runOnlyForDeploymentPostprocessing": "0"
    },
    "3CA36CFB27350DFC00701988": {
      "isa": "XCBuildConfiguration",
      "buildSettings": {
        "CLANG_WARN_DOCUMENTATION_COMMENTS": "YES",
        "CLANG_WARN_UNGUARDED_AVAILABILITY": "YES_AGGRESSIVE",
        "CLANG_WARN_DIRECT_OBJC_ISA_USAGE": "YES_ERROR",
        "CLANG_ENABLE_OBJC_ARC": "YES",
        "CLANG_WARN_SUSPICIOUS_MOVE": "YES",
        "CLANG_WARN__DUPLICATE_METHOD_MATCH": "YES",
        "CLANG_ENABLE_OBJC_WEAK": "YES",
        "CLANG_CXX_LIBRARY": "libc++",
        "CLANG_WARN_INFINITE_RECURSION": "YES",
        "GCC_WARN_UNDECLARED_SELECTOR": "YES",
        "MACOSX_DEPLOYMENT_TARGET": "12.0",
        "CLANG_ANALYZER_NUMBER_OBJECT_CONVERSION": "YES_AGGRESSIVE",
        "SDKROOT": "macosx",
        "CLANG_CXX_LANGUAGE_STANDARD": "gnu++17",
        "ENABLE_TESTABILITY": "YES",
        "CLANG_WARN_BOOL_CONVERSION": "YES",
        "CLANG_WARN_UNREACHABLE_CODE": "YES",
        "ENABLE_STRICT_OBJC_MSGSEND": "YES",
        "CLANG_ANALYZER_NONNULL": "YES",
        "CLANG_WARN_BLOCK_CAPTURE_AUTORELEASING": "YES",
        "CLANG_WARN_STRICT_PROTOTYPES": "YES",
        "CLANG_WARN_ENUM_CONVERSION": "YES",
        "CLANG_WARN_QUOTED_INCLUDE_IN_FRAMEWORK_HEADER": "YES",
        "GCC_PREPROCESSOR_DEFINITIONS": [
          "DEBUG=1",
          "$(inherited)"
        ],
        "GCC_WARN_64_TO_32_BIT_CONVERSION": "YES",
        "CLANG_WARN_EMPTY_BODY": "YES",
        "GCC_WARN_UNINITIALIZED_AUTOS": "YES_AGGRESSIVE",
        "GCC_WARN_ABOUT_RETURN_TYPE": "YES_ERROR",
        "CLANG_WARN_COMMA": "YES",
        "GCC_DYNAMIC_NO_PIC": "NO",
        "GCC_C_LANGUAGE_STANDARD": "gnu11",
        "GCC_WARN_UNUSED_VARIABLE": "YES",
        "CLANG_WARN_RANGE_LOOP_ANALYSIS": "YES",
        "CLANG_ENABLE_MODULES": "YES",
        "CLANG_WARN_INT_CONVERSION": "YES",
        "ALWAYS_SEARCH_USER_PATHS": "NO",
        "CLANG_WARN_OBJC_ROOT_CLASS": "YES_ERROR",
        "CLANG_WARN_DEPRECATED_OBJC_IMPLEMENTATIONS": "YES",
        "COPY_PHASE_STRIP": "NO",
        "CLANG_WARN_CONSTANT_CONVERSION": "YES",
        "GCC_NO_COMMON_BLOCKS": "YES",
        "GCC_OPTIMIZATION_LEVEL": "0",
        "MTL_ENABLE_DEBUG_INFO": "INCLUDE_SOURCE",
        "ONLY_ACTIVE_ARCH": "YES",
        "SWIFT_OPTIMIZATION_LEVEL": "-Onone",
        "CLANG_WARN_NON_LITERAL_NULL_CONVERSION": "YES",
        "MTL_FAST_MATH": "YES",
        "GCC_WARN_UNUSED_FUNCTION": "YES",
        "SWIFT_ACTIVE_COMPILATION_CONDITIONS": "DEBUG",
        "CLANG_WARN_OBJC_LITERAL_CONVERSION": "YES",
        "DEBUG_INFORMATION_FORMAT": "dwarf",
        "CLANG_WARN_OBJC_IMPLICIT_RETAIN_SELF": "YES"
      },
      "name": "Debug"
    },
    "3CA36CF027350DFB00701988": {
      "path": "SPMTools",
      "isa": "PBXGroup",
      "children": [
        "3CA36CF127350DFB00701988",
        "3CA36CF327350DFB00701988",
        "3CA36CF527350DFC00701988",
        "3CA36CFA27350DFC00701988",
        "3CA36CF727350DFC00701988"
      ],
      "sourceTree": "<group>"
    },
    "3CA36CF427350DFB00701988": {
      "isa": "PBXBuildFile",
      "fileRef": "3CA36CF327350DFB00701988"
    },
    "3CA36CF527350DFC00701988": {
      "path": "Assets.xcassets",
      "isa": "PBXFileReference",
      "lastKnownFileType": "folder.assetcatalog",
      "sourceTree": "<group>"
    },
    "3CA36CF127350DFB00701988": {
      "path": "SPMToolsApp.swift",
      "isa": "PBXFileReference",
      "lastKnownFileType": "sourcecode.swift",
      "sourceTree": "<group>"
    },
    "3CA36CF227350DFB00701988": {
      "isa": "PBXBuildFile",
      "fileRef": "3CA36CF127350DFB00701988"
    },
    "3CA36CEF27350DFB00701988": {
      "isa": "PBXGroup",
      "name": "Products",
      "children": [
        "3CA36CEE27350DFB00701988"
      ],
      "sourceTree": "<group>"
    },
    "3CA36CE927350DFB00701988": {
      "isa": "XCConfigurationList",
      "defaultConfigurationIsVisible": "0",
      "defaultConfigurationName": "Release",
      "buildConfigurations": [
        "3CA36CFB27350DFC00701988",
        "3CA36CFC27350DFC00701988"
      ]
    },
    "3CA36CFE27350DFC00701988": {
      "isa": "XCBuildConfiguration",
      "buildSettings": {
        "CURRENT_PROJECT_VERSION": "1",
        "INFOPLIST_KEY_NSHumanReadableCopyright": "",
        "DEVELOPMENT_TEAM": "DRNTGDXJLK",
        "LD_RUNPATH_SEARCH_PATHS": [
          "$(inherited)",
          "@executable_path/../Frameworks"
        ],
        "MARKETING_VERSION": "1.0",
        "PRODUCT_BUNDLE_IDENTIFIER": "com.purcotton.win.SPMTools",
        "SWIFT_EMIT_LOC_STRINGS": "YES",
        "SWIFT_VERSION": "5.0",
        "GENERATE_INFOPLIST_FILE": "YES",
        "ENABLE_PREVIEWS": "YES",
        "ASSETCATALOG_COMPILER_GLOBAL_ACCENT_COLOR_NAME": "AccentColor",
        "CODE_SIGN_ENTITLEMENTS": "SPMTools/SPMTools.entitlements",
        "CODE_SIGN_STYLE": "Automatic",
        "ASSETCATALOG_COMPILER_APPICON_NAME": "AppIcon",
        "PRODUCT_NAME": "$(TARGET_NAME)",
        "ENABLE_HARDENED_RUNTIME": "YES",
        "DEVELOPMENT_ASSET_PATHS": "\"SPMTools/Preview Content\"",
        "COMBINE_HIDPI_IMAGES": "YES"
      },
      "name": "Debug"
    },
    "3CA36CF827350DFC00701988": {
      "path": "Preview Assets.xcassets",
      "isa": "PBXFileReference",
      "lastKnownFileType": "folder.assetcatalog",
      "sourceTree": "<group>"
    },
    "3CA36CED27350DFB00701988": {
      "buildConfigurationList": "3CA36CFD27350DFC00701988",
      "productReference": "3CA36CEE27350DFB00701988",
      "productType": "com.apple.product-type.application",
      "packageProductDependencies": [
      ],
      "productName": "SPMTools",
      "isa": "PBXNativeTarget",
      "buildPhases": [
        "3CA36CEA27350DFB00701988",
        "3CA36CEB27350DFB00701988",
        "3CA36CEC27350DFB00701988"
      ],
      "dependencies": [
      ],
      "name": "SPMTools",
      "buildRules": [
      ]
    },
    "3CA36CFF27350DFC00701988": {
      "isa": "XCBuildConfiguration",
      "buildSettings": {
        "CURRENT_PROJECT_VERSION": "1",
        "INFOPLIST_KEY_NSHumanReadableCopyright": "",
        "DEVELOPMENT_TEAM": "DRNTGDXJLK",
        "LD_RUNPATH_SEARCH_PATHS": [
          "$(inherited)",
          "@executable_path/../Frameworks"
        ],
        "MARKETING_VERSION": "1.0",
        "PRODUCT_BUNDLE_IDENTIFIER": "com.purcotton.win.SPMTools",
        "SWIFT_EMIT_LOC_STRINGS": "YES",
        "SWIFT_VERSION": "5.0",
        "GENERATE_INFOPLIST_FILE": "YES",
        "ENABLE_PREVIEWS": "YES",
        "ASSETCATALOG_COMPILER_GLOBAL_ACCENT_COLOR_NAME": "AccentColor",
        "CODE_SIGN_ENTITLEMENTS": "SPMTools/SPMTools.entitlements",
        "CODE_SIGN_STYLE": "Automatic",
        "ASSETCATALOG_COMPILER_APPICON_NAME": "AppIcon",
        "PRODUCT_NAME": "$(TARGET_NAME)",
        "ENABLE_HARDENED_RUNTIME": "YES",
        "DEVELOPMENT_ASSET_PATHS": "\"SPMTools/Preview Content\"",
        "COMBINE_HIDPI_IMAGES": "YES"
      },
      "name": "Release"
    },
    "3CA36CEA27350DFB00701988": {
      "isa": "PBXSourcesBuildPhase",
      "buildActionMask": "2147483647",
      "files": [
        "3CA36CF427350DFB00701988",
        "3CA36CF227350DFB00701988"
      ],
      "runOnlyForDeploymentPostprocessing": "0"
    },
    "3CA36CEE27350DFB00701988": {
      "path": "SPMTools.app",
      "isa": "PBXFileReference",
      "includeInIndex": "0",
      "explicitFileType": "wrapper.application",
      "sourceTree": "BUILT_PRODUCTS_DIR"
    },
    "3CA36CF927350DFC00701988": {
      "isa": "PBXBuildFile",
      "fileRef": "3CA36CF827350DFC00701988"
    },
    "3CA36CFC27350DFC00701988": {
      "isa": "XCBuildConfiguration",
      "buildSettings": {
        "DEBUG_INFORMATION_FORMAT": "dwarf-with-dsym",
        "CLANG_WARN_DOCUMENTATION_COMMENTS": "YES",
        "CLANG_WARN_DIRECT_OBJC_ISA_USAGE": "YES_ERROR",
        "CLANG_ENABLE_OBJC_ARC": "YES",
        "CLANG_WARN_UNGUARDED_AVAILABILITY": "YES_AGGRESSIVE",
        "CLANG_WARN__DUPLICATE_METHOD_MATCH": "YES",
        "CLANG_WARN_SUSPICIOUS_MOVE": "YES",
        "CLANG_ENABLE_OBJC_WEAK": "YES",
        "CLANG_WARN_INFINITE_RECURSION": "YES",
        "CLANG_CXX_LIBRARY": "libc++",
        "GCC_WARN_UNDECLARED_SELECTOR": "YES",
        "MACOSX_DEPLOYMENT_TARGET": "12.0",
        "CLANG_ANALYZER_NUMBER_OBJECT_CONVERSION": "YES_AGGRESSIVE",
        "SDKROOT": "macosx",
        "CLANG_CXX_LANGUAGE_STANDARD": "gnu++17",
        "SWIFT_COMPILATION_MODE": "wholemodule",
        "CLANG_WARN_BOOL_CONVERSION": "YES",
        "CLANG_WARN_UNREACHABLE_CODE": "YES",
        "ENABLE_STRICT_OBJC_MSGSEND": "YES",
        "CLANG_ANALYZER_NONNULL": "YES",
        "CLANG_WARN_BLOCK_CAPTURE_AUTORELEASING": "YES",
        "CLANG_WARN_STRICT_PROTOTYPES": "YES",
        "CLANG_WARN_ENUM_CONVERSION": "YES",
        "CLANG_WARN_QUOTED_INCLUDE_IN_FRAMEWORK_HEADER": "YES",
        "GCC_WARN_64_TO_32_BIT_CONVERSION": "YES",
        "CLANG_WARN_EMPTY_BODY": "YES",
        "GCC_WARN_UNINITIALIZED_AUTOS": "YES_AGGRESSIVE",
        "GCC_WARN_ABOUT_RETURN_TYPE": "YES_ERROR",
        "CLANG_WARN_COMMA": "YES",
        "GCC_C_LANGUAGE_STANDARD": "gnu11",
        "GCC_WARN_UNUSED_VARIABLE": "YES",
        "CLANG_WARN_RANGE_LOOP_ANALYSIS": "YES",
        "CLANG_ENABLE_MODULES": "YES",
        "CLANG_WARN_INT_CONVERSION": "YES",
        "ALWAYS_SEARCH_USER_PATHS": "NO",
        "CLANG_WARN_OBJC_ROOT_CLASS": "YES_ERROR",
        "CLANG_WARN_DEPRECATED_OBJC_IMPLEMENTATIONS": "YES",
        "COPY_PHASE_STRIP": "NO",
        "CLANG_WARN_CONSTANT_CONVERSION": "YES",
        "GCC_NO_COMMON_BLOCKS": "YES",
        "MTL_ENABLE_DEBUG_INFO": "NO",
        "SWIFT_OPTIMIZATION_LEVEL": "-O",
        "CLANG_WARN_NON_LITERAL_NULL_CONVERSION": "YES",
        "MTL_FAST_MATH": "YES",
        "GCC_WARN_UNUSED_FUNCTION": "YES",
        "ENABLE_NS_ASSERTIONS": "NO",
        "CLANG_WARN_OBJC_LITERAL_CONVERSION": "YES",
        "CLANG_WARN_OBJC_IMPLICIT_RETAIN_SELF": "YES"
      },
      "name": "Release"
    }
  },
  "rootObject": "3CA36CE627350DFB00701988"
}
